<?xml version="1.0" encoding="utf-8"?>
<Project ToolsVersion="4.0" xmlns="http://schemas.microsoft.com/developer/msbuild/2003">
  <ItemGroup>
    <ClInclude Include="framework.h">
      <Filter>Default</Filter>
    </ClInclude>
    <ClInclude Include="pch.h">
      <Filter>Default</Filter>
    </ClInclude>
    <ClInclude Include="CScriptMgr.h">
      <Filter>ScriptMgr</Filter>
    </ClInclude>
    <ClInclude Include="CBackgroundScript.h">
      <Filter>Scripts\Lecture</Filter>
    </ClInclude>
    <ClInclude Include="CMissileScript.h">
      <Filter>Scripts\Lecture</Filter>
    </ClInclude>
    <ClInclude Include="CMonsterScript.h">
      <Filter>Scripts\Lecture</Filter>
    </ClInclude>
    <ClInclude Include="CCameraMoveScript.h">
      <Filter>Scripts\Manager\Camera</Filter>
    </ClInclude>
    <ClInclude Include="CRenderMgrScript.h">
      <Filter>Scripts\Manager\Render</Filter>
    </ClInclude>
    <ClInclude Include="CTimeMgrScript.h">
      <Filter>Scripts\Manager\Time</Filter>
    </ClInclude>
    <ClInclude Include="CCameraEffect.h">
      <Filter>Scripts\Manager\Camera</Filter>
    </ClInclude>
    <ClInclude Include="CBtnUIScript.h">
      <Filter>Scripts\DefaultUI\Button</Filter>
    </ClInclude>
    <ClInclude Include="CImageUIScript.h">
      <Filter>Scripts\DefaultUI\Image</Filter>
    </ClInclude>
    <ClInclude Include="CPanelUIScript.h">
      <Filter>Scripts\DefaultUI\Panel</Filter>
    </ClInclude>
    <ClInclude Include="CRoRStateMachine.h">
      <Filter>RoRStateMachine</Filter>
    </ClInclude>
    <ClInclude Include="CCrosshair.h">
      <Filter>Scripts\UI\Image\Crosshair</Filter>
    </ClInclude>
    <ClInclude Include="CPausePanel.h">
      <Filter>Scripts\UI\Image\PausePanel</Filter>
    </ClInclude>
    <ClInclude Include="CPauseBtn.h">
      <Filter>Scripts\UI\Image\PauseBtn</Filter>
    </ClInclude>
    <ClInclude Include="CProgressBar.h">
      <Filter>Scripts\UI\ProgressBar</Filter>
    </ClInclude>
    <ClInclude Include="CBossHP.h">
      <Filter>Scripts\UI\ProgressBar\BossHP</Filter>
    </ClInclude>
    <ClInclude Include="CMonsterHP.h">
      <Filter>Scripts\UI\ProgressBar\MonsterHP</Filter>
    </ClInclude>
    <ClInclude Include="CPlayerHP.h">
      <Filter>Scripts\UI\ProgressBar\PlayerHP</Filter>
    </ClInclude>
    <ClInclude Include="CAmmoInfo.h">
      <Filter>Scripts\UI\ProgressBar\AmmoInfo</Filter>
    </ClInclude>
    <ClInclude Include="CPhysXMgrScript.h">
      <Filter>Scripts\Manager\PhysXMgr</Filter>
    </ClInclude>
    <ClInclude Include="CSkillIcon.h">
      <Filter>Scripts\UI\ProgressBar\SkillIcon</Filter>
    </ClInclude>
    <ClInclude Include="CEditorCameraMoveScript.h">
      <Filter>Scripts\Manager\Camera</Filter>
    </ClInclude>
    <ClInclude Include="CMemoryPoolMgrScript.h">
      <Filter>Scripts\Manager\MemoryPool</Filter>
    </ClInclude>
    <ClInclude Include="CHaloScript.h">
      <Filter>Scripts\Player</Filter>
    </ClInclude>
    <ClInclude Include="CPlayerScript.h">
      <Filter>Scripts\Player</Filter>
    </ClInclude>
    <ClInclude Include="CDialog.h">
      <Filter>Scripts\UI\Image\Dialog</Filter>
    </ClInclude>
    <ClInclude Include="CPlayerDamagedScript.h">
      <Filter>Scripts\Player</Filter>
    </ClInclude>
    <ClInclude Include="CBossMissileScript.h">
      <Filter>Scripts\Boss\BossMissile</Filter>
    </ClInclude>
    <ClInclude Include="CBossScript.h">
      <Filter>Scripts\Boss</Filter>
    </ClInclude>
    <ClInclude Include="CDamagedDirection.h">
      <Filter>Scripts\UI\Image\DamagedDirection</Filter>
    </ClInclude>
    <ClInclude Include="CMegaFistScript.h">
      <Filter>Scripts\Boss\MegaFist</Filter>
    </ClInclude>
    <ClInclude Include="CAtlasImageUIScript.h">
      <Filter>Scripts\DefaultUI\Image</Filter>
    </ClInclude>
    <ClInclude Include="CDamagedDirectionMgr.h">
      <Filter>Scripts\UI\Image\DamagedDirection</Filter>
    </ClInclude>
    <ClInclude Include="CHUD.h">
      <Filter>Scripts\UI</Filter>
    </ClInclude>
    <ClInclude Include="CBossShieldScript.h">
      <Filter>Scripts\Boss\Shield</Filter>
    </ClInclude>
    <ClInclude Include="CDigitUI.h">
      <Filter>Scripts\DefaultUI\Digit</Filter>
    </ClInclude>
    <ClInclude Include="CReloadUI.h">
      <Filter>Scripts\UI\Image\WeaponInfo</Filter>
    </ClInclude>
    <ClInclude Include="CStretchUIScript.h">
      <Filter>Scripts\DefaultUI\Image</Filter>
    </ClInclude>
    <ClInclude Include="CTextUI.h">
      <Filter>Scripts\DefaultUI\Text</Filter>
    </ClInclude>
    <ClInclude Include="strings.h">
      <Filter>Default</Filter>
    </ClInclude>
    <ClInclude Include="CCoverArea.h">
      <Filter>Scripts\Event\Cover</Filter>
    </ClInclude>
    <ClInclude Include="CCoverUI.h">
      <Filter>Scripts\Event\Cover</Filter>
    </ClInclude>
    <ClInclude Include="CArona.h">
      <Filter>Scripts\UI\Image\Arona</Filter>
    </ClInclude>
    <ClInclude Include="CLevelTransition.h">
      <Filter>Scripts\Level</Filter>
    </ClInclude>
    <ClInclude Include="CBloomScript.h">
      <Filter>Scripts\Render\Bloom</Filter>
    </ClInclude>
    <ClInclude Include="CObjectGrayMaskScript.h">
      <Filter>Scripts\Render\Gray</Filter>
    </ClInclude>
    <ClInclude Include="CSpawnSpotScript.h">
      <Filter>Scripts\Event\Spawn</Filter>
    </ClInclude>
    <ClInclude Include="CSpringArm.h">
      <Filter>Scripts\Player</Filter>
    </ClInclude>
    <ClInclude Include="CBoostScript.h">
      <Filter>Scripts\Particle\Boost</Filter>
    </ClInclude>
    <ClInclude Include="CMissileTrailScript.h">
      <Filter>Scripts\Particle\MissileTrail</Filter>
    </ClInclude>
    <ClInclude Include="CMuzzleFlashScript.h">
      <Filter>Scripts\Particle\MuzzleFlash</Filter>
    </ClInclude>
    <ClInclude Include="CBulletScript.h">
      <Filter>Scripts\ShootingSystem</Filter>
    </ClInclude>
    <ClInclude Include="CButtons.h">
      <Filter>Scripts\Level\Title</Filter>
    </ClInclude>
    <ClInclude Include="CCoverHIghTutorialEvent.h">
      <Filter>Scripts\Level\Tutorial</Filter>
    </ClInclude>
    <ClInclude Include="CTutorialGameMode.h">
      <Filter>Scripts\Level\Tutorial</Filter>
    </ClInclude>
    <ClInclude Include="CDirectionalLight.h">
      <Filter>Scripts\Player</Filter>
    </ClInclude>
    <ClInclude Include="CGameMode.h">
      <Filter>BassClass</Filter>
    </ClInclude>
    <ClInclude Include="CPlayerController.h">
      <Filter>Player</Filter>
    </ClInclude>
    <ClInclude Include="CProjectileScript.h">
      <Filter>BassClass</Filter>
    </ClInclude>
    <ClInclude Include="CTitle.h">
      <Filter>Scripts\Level\Title</Filter>
    </ClInclude>
    <ClInclude Include="CWallScript.h">
      <Filter>Scripts\Level\Object</Filter>
    </ClInclude>
    <ClInclude Include="CWrapImage.h">
      <Filter>Scripts\Level\Object</Filter>
    </ClInclude>
    <ClInclude Include="CTitleTex.h">
      <Filter>Scripts\Level\Title</Filter>
    </ClInclude>
    <ClInclude Include="CTutorialTarget.h">
      <Filter>Scripts\Level\Object</Filter>
    </ClInclude>
    <ClInclude Include="CShootingSystemScript.h">
      <Filter>Scripts\ShootingSystem</Filter>
    </ClInclude>
    <ClInclude Include="CAfterImage.h">
      <Filter>Scripts\Render\AfterImage</Filter>
    </ClInclude>
    <ClInclude Include="CBulletHitParticleSpawner.h">
      <Filter>ShootingSystem</Filter>
    </ClInclude>
    <ClInclude Include="CBulletMarkSpawner.h">
      <Filter>ShootingSystem</Filter>
    </ClInclude>
    <ClInclude Include="CBulletShellSpawner.h">
      <Filter>ShootingSystem</Filter>
    </ClInclude>
    <ClInclude Include="CShootingRecoil.h">
      <Filter>ShootingSystem</Filter>
    </ClInclude>
    <ClInclude Include="CDamageFontSpawner.h">
      <Filter>ShootingSystem</Filter>
    </ClInclude>
    <ClInclude Include="CBulletWarheadSpawner.h">
      <Filter>ShootingSystem</Filter>
    </ClInclude>
    <ClInclude Include="CBossBulletShellSpawner.h">
      <Filter>Scripts\ShootingSystem</Filter>
    </ClInclude>
    <ClInclude Include="CBossSmokeWaveScript.h">
      <Filter>Scripts\Boss\SmokeWave</Filter>
    </ClInclude>
    <ClInclude Include="CChildCollider.h">
      <Filter>Scripts\Manager\ChildCollider</Filter>
    </ClInclude>
    <ClInclude Include="CCoverJumpTutorialEvent.h">
      <Filter>Scripts\Event\Tutorial</Filter>
    </ClInclude>
    <ClInclude Include="CCoverLowEventListener.h">
      <Filter>Scripts\Event\Tutorial</Filter>
    </ClInclude>
    <ClInclude Include="CMiniGunScript.h">
      <Filter>Scripts\Particle\Minigun</Filter>
    </ClInclude>
    <ClInclude Include="CParticleSpawnScript.h">
      <Filter>Scripts\Particle</Filter>
    </ClInclude>
    <ClInclude Include="CSmokeScript.h">
      <Filter>Scripts\Particle\Smoke</Filter>
    </ClInclude>
    <ClInclude Include="CSpawnPhysX.h">
      <Filter>Scripts\Test</Filter>
    </ClInclude>
    <ClInclude Include="CTutorialEndingEvent.h">
      <Filter>Scripts\Event\Tutorial</Filter>
    </ClInclude>
    <ClInclude Include="CBossSwordTrailScript.h">
      <Filter>Scripts\Boss\BossSwordTrail</Filter>
    </ClInclude>
    <ClInclude Include="CBossSwordBeamScript.h">
      <Filter>Scripts\Boss\BossSwordBeam</Filter>
    </ClInclude>
    <ClInclude Include="CSBSmokeScript.h">
      <Filter>Scripts\Particle\Smoke</Filter>
    </ClInclude>
    <ClInclude Include="CBulletLineScript.h">
      <Filter>Scripts\Particle\BulletLine</Filter>
    </ClInclude>
    <ClInclude Include="CGroundCrackScript.h">
      <Filter>Scripts\Boss\BossMissile\GroundDecal</Filter>
    </ClInclude>
    <ClInclude Include="CVideoPlayer.h">
      <Filter>Scripts\Render\Video</Filter>
    </ClInclude>
    <ClInclude Include="CEventListener.h">
      <Filter>Scripts\Event</Filter>
    </ClInclude>
    <ClInclude Include="CCubePushScript.h">
      <Filter>Scripts\Phys</Filter>
    </ClInclude>
    <ClInclude Include="CFinishBalloon.h">
      <Filter>Scripts\Level</Filter>
    </ClInclude>
  </ItemGroup>
  <ItemGroup>
    <ClCompile Include="pch.cpp">
      <Filter>Default</Filter>
    </ClCompile>
    <ClCompile Include="Scripts.cpp">
      <Filter>Default</Filter>
    </ClCompile>
    <ClCompile Include="CScriptMgr.cpp">
      <Filter>ScriptMgr</Filter>
    </ClCompile>
    <ClCompile Include="CBackgroundScript.cpp">
      <Filter>Scripts\Lecture</Filter>
    </ClCompile>
    <ClCompile Include="CMissileScript.cpp">
      <Filter>Scripts\Lecture</Filter>
    </ClCompile>
    <ClCompile Include="CMonsterScript.cpp">
      <Filter>Scripts\Lecture</Filter>
    </ClCompile>
    <ClCompile Include="CCameraMoveScript.cpp">
      <Filter>Scripts\Manager\Camera</Filter>
    </ClCompile>
    <ClCompile Include="CRenderMgrScript.cpp">
      <Filter>Scripts\Manager\Render</Filter>
    </ClCompile>
    <ClCompile Include="CTimeMgrScript.cpp">
      <Filter>Scripts\Manager\Time</Filter>
    </ClCompile>
    <ClCompile Include="CCameraEffect.cpp">
      <Filter>Scripts\Manager\Camera</Filter>
    </ClCompile>
    <ClCompile Include="CBtnUIScript.cpp">
      <Filter>Scripts\DefaultUI\Button</Filter>
    </ClCompile>
    <ClCompile Include="CImageUIScript.cpp">
      <Filter>Scripts\DefaultUI\Image</Filter>
    </ClCompile>
    <ClCompile Include="CPanelUIScript.cpp">
      <Filter>Scripts\DefaultUI\Panel</Filter>
    </ClCompile>
    <ClCompile Include="CRoRStateMachine.cpp">
      <Filter>RoRStateMachine</Filter>
    </ClCompile>
    <ClCompile Include="CCrosshair.cpp">
      <Filter>Scripts\UI\Image\Crosshair</Filter>
    </ClCompile>
    <ClCompile Include="CPausePanel.cpp">
      <Filter>Scripts\UI\Image\PausePanel</Filter>
    </ClCompile>
    <ClCompile Include="CPauseBtn.cpp">
      <Filter>Scripts\UI\Image\PauseBtn</Filter>
    </ClCompile>
    <ClCompile Include="CProgressBar.cpp">
      <Filter>Scripts\UI\ProgressBar</Filter>
    </ClCompile>
    <ClCompile Include="CBossHP.cpp">
      <Filter>Scripts\UI\ProgressBar\BossHP</Filter>
    </ClCompile>
    <ClCompile Include="CPhysXMgrScript.cpp">
      <Filter>Scripts\Manager\PhysXMgr</Filter>
    </ClCompile>
    <ClCompile Include="CMonsterHP.cpp">
      <Filter>Scripts\UI\ProgressBar\MonsterHP</Filter>
    </ClCompile>
    <ClCompile Include="CPlayerHP.cpp">
      <Filter>Scripts\UI\ProgressBar\PlayerHP</Filter>
    </ClCompile>
    <ClCompile Include="CAmmoInfo.cpp">
      <Filter>Scripts\UI\ProgressBar\AmmoInfo</Filter>
    </ClCompile>
    <ClCompile Include="CSkillIcon.cpp">
      <Filter>Scripts\UI\ProgressBar\SkillIcon</Filter>
    </ClCompile>
    <ClCompile Include="CEditorCameraMoveScript.cpp">
      <Filter>Scripts\Manager\Camera</Filter>
    </ClCompile>
    <ClCompile Include="CMemoryPoolMgrScript.cpp">
      <Filter>Scripts\Manager\MemoryPool</Filter>
    </ClCompile>
    <ClCompile Include="CHaloScript.cpp">
      <Filter>Scripts\Player</Filter>
    </ClCompile>
    <ClCompile Include="CPlayerScript.cpp">
      <Filter>Scripts\Player</Filter>
    </ClCompile>
    <ClCompile Include="CPlayerScript_State.cpp">
      <Filter>Scripts\Player</Filter>
    </ClCompile>
    <ClCompile Include="CDialog.cpp">
      <Filter>Scripts\UI\Image\Dialog</Filter>
    </ClCompile>
    <ClCompile Include="CPlayerDamagedScript.cpp">
      <Filter>Scripts\Player</Filter>
    </ClCompile>
    <ClCompile Include="CBossMissileScript.cpp">
      <Filter>Scripts\Boss\BossMissile</Filter>
    </ClCompile>
    <ClCompile Include="CBossScript.cpp">
      <Filter>Scripts\Boss</Filter>
    </ClCompile>
    <ClCompile Include="CBossScript_State.cpp">
      <Filter>Scripts\Boss</Filter>
    </ClCompile>
    <ClCompile Include="CDamagedDirection.cpp">
      <Filter>Scripts\UI\Image\DamagedDirection</Filter>
    </ClCompile>
    <ClCompile Include="CMegaFistScript.cpp">
      <Filter>Scripts\Boss\MegaFist</Filter>
    </ClCompile>
    <ClCompile Include="CAtlasImageUIScript.cpp">
      <Filter>Scripts\DefaultUI\Image</Filter>
    </ClCompile>
    <ClCompile Include="CDamagedDirectionMgr.cpp">
      <Filter>Scripts\UI\Image\DamagedDirection</Filter>
    </ClCompile>
    <ClCompile Include="CHUD.cpp">
      <Filter>Scripts\UI</Filter>
    </ClCompile>
    <ClCompile Include="CBossShieldScript.cpp">
      <Filter>Scripts\Boss\Shield</Filter>
    </ClCompile>
    <ClCompile Include="CDigitUI.cpp">
      <Filter>Scripts\DefaultUI\Digit</Filter>
    </ClCompile>
    <ClCompile Include="CReloadUI.cpp">
      <Filter>Scripts\UI\Image\WeaponInfo</Filter>
    </ClCompile>
    <ClCompile Include="CStretchUIScript.cpp">
      <Filter>Scripts\DefaultUI\Image</Filter>
    </ClCompile>
    <ClCompile Include="CTextUI.cpp">
      <Filter>Scripts\DefaultUI\Text</Filter>
    </ClCompile>
    <ClCompile Include="CCoverArea.cpp">
      <Filter>Scripts\Event\Cover</Filter>
    </ClCompile>
    <ClCompile Include="CCoverUI.cpp">
      <Filter>Scripts\Event\Cover</Filter>
    </ClCompile>
    <ClCompile Include="CArona.cpp">
      <Filter>Scripts\UI\Image\Arona</Filter>
    </ClCompile>
    <ClCompile Include="CLevelTransition.cpp">
      <Filter>Scripts\Level</Filter>
    </ClCompile>
    <ClCompile Include="CBloomScript.cpp">
      <Filter>Scripts\Render\Bloom</Filter>
    </ClCompile>
    <ClCompile Include="CObjectGrayMaskScript.cpp">
      <Filter>Scripts\Render\Gray</Filter>
    </ClCompile>
    <ClCompile Include="CSpawnSpotScript.cpp">
      <Filter>Scripts\Event\Spawn</Filter>
    </ClCompile>
    <ClCompile Include="CSpringArm.cpp">
      <Filter>Scripts\Player</Filter>
    </ClCompile>
    <ClCompile Include="CBoostScript.cpp">
      <Filter>Scripts\Particle\Boost</Filter>
    </ClCompile>
    <ClCompile Include="CMissileTrailScript.cpp">
      <Filter>Scripts\Particle\MissileTrail</Filter>
    </ClCompile>
    <ClCompile Include="CMuzzleFlashScript.cpp">
      <Filter>Scripts\Particle\MuzzleFlash</Filter>
    </ClCompile>
    <ClCompile Include="CBulletScript.cpp">
      <Filter>Scripts\ShootingSystem</Filter>
    </ClCompile>
    <ClCompile Include="CButtons.cpp">
      <Filter>Scripts\Level\Title</Filter>
    </ClCompile>
    <ClCompile Include="CCoverHighTutorialEvent.cpp">
      <Filter>Scripts\Level\Tutorial</Filter>
    </ClCompile>
    <ClCompile Include="CTutorialGameMode.cpp">
      <Filter>Scripts\Level\Tutorial</Filter>
    </ClCompile>
    <ClCompile Include="CDirectionalLight.cpp">
      <Filter>Scripts\Player</Filter>
    </ClCompile>
    <ClCompile Include="CPlayerController.cpp">
      <Filter>Player</Filter>
    </ClCompile>
    <ClCompile Include="CProjectileScript.cpp">
      <Filter>BassClass</Filter>
    </ClCompile>
    <ClCompile Include="CTitle.cpp">
      <Filter>Scripts\Level\Title</Filter>
    </ClCompile>
    <ClCompile Include="CWallScript.cpp">
      <Filter>Scripts\Level\Object</Filter>
    </ClCompile>
    <ClCompile Include="CWrapImage.cpp">
      <Filter>Scripts\Level\Object</Filter>
    </ClCompile>
    <ClCompile Include="CTitleTex.cpp">
      <Filter>Scripts\Level\Title</Filter>
    </ClCompile>
    <ClCompile Include="CTutorialTarget.cpp">
      <Filter>Scripts\Level\Object</Filter>
    </ClCompile>
    <ClCompile Include="CShootingSystemScript.cpp">
      <Filter>Scripts\ShootingSystem</Filter>
    </ClCompile>
    <ClCompile Include="CAfterImage.cpp">
      <Filter>Scripts\Render\AfterImage</Filter>
    </ClCompile>
    <ClCompile Include="CBulletHitParticleSpawner.cpp">
      <Filter>ShootingSystem</Filter>
    </ClCompile>
    <ClCompile Include="CBulletMarkSpawner.cpp">
      <Filter>ShootingSystem</Filter>
    </ClCompile>
    <ClCompile Include="CBulletShellSpawner.cpp">
      <Filter>ShootingSystem</Filter>
    </ClCompile>
    <ClCompile Include="CShootingRecoil.cpp">
      <Filter>ShootingSystem</Filter>
    </ClCompile>
    <ClCompile Include="CDamageFontSpawner.cpp">
      <Filter>ShootingSystem</Filter>
    </ClCompile>
    <ClCompile Include="CBulletWarheadSpawner.cpp">
      <Filter>ShootingSystem</Filter>
    </ClCompile>
    <ClCompile Include="CBossBulletShellSpawner.cpp">
      <Filter>Scripts\ShootingSystem</Filter>
    </ClCompile>
    <ClCompile Include="CBossSmokeWaveScript.cpp">
      <Filter>Scripts\Boss\SmokeWave</Filter>
    </ClCompile>
    <ClCompile Include="CChildCollider.cpp">
      <Filter>Scripts\Manager\ChildCollider</Filter>
    </ClCompile>
    <ClCompile Include="CCoverJumpTutorialEvent.cpp">
      <Filter>Scripts\Event\Tutorial</Filter>
    </ClCompile>
    <ClCompile Include="CCoverLowEventListener.cpp">
      <Filter>Scripts\Event\Tutorial</Filter>
    </ClCompile>
    <ClCompile Include="CMiniGunScript.cpp">
      <Filter>Scripts\Particle\Minigun</Filter>
    </ClCompile>
    <ClCompile Include="CParticleSpawnScript.cpp">
      <Filter>Scripts\Particle</Filter>
    </ClCompile>
    <ClCompile Include="CSmokeScript.cpp">
      <Filter>Scripts\Particle\Smoke</Filter>
    </ClCompile>
    <ClCompile Include="CSpawnPhysX.cpp">
      <Filter>Scripts\Test</Filter>
    </ClCompile>
    <ClCompile Include="CTutorialEndingEvent.cpp">
      <Filter>Scripts\Event\Tutorial</Filter>
    </ClCompile>
    <ClCompile Include="CBossSwordTrailScript.cpp">
      <Filter>Scripts\Boss\BossSwordTrail</Filter>
    </ClCompile>
    <ClCompile Include="CBossSwordBeamScript.cpp">
      <Filter>Scripts\Boss\BossSwordBeam</Filter>
    </ClCompile>
    <ClCompile Include="CSBSmokeScript.cpp">
      <Filter>Scripts\Particle\Smoke</Filter>
    </ClCompile>
    <ClCompile Include="CBulletLineScript.cpp">
      <Filter>Scripts\Particle\BulletLine</Filter>
    </ClCompile>
    <ClCompile Include="CGroundCrackScript.cpp">
      <Filter>Scripts\Boss\BossMissile\GroundDecal</Filter>
    </ClCompile>
    <ClCompile Include="CVideoPlayer.cpp">
      <Filter>Scripts\Render\Video</Filter>
    </ClCompile>
    <ClCompile Include="CEventListener.cpp">
      <Filter>Scripts\Event</Filter>
    </ClCompile>
    <ClCompile Include="CCubePushScript.cpp">
      <Filter>Scripts\Phys</Filter>
    </ClCompile>
    <ClCompile Include="CFinishBalloon.cpp">
      <Filter>Scripts\Level</Filter>
    </ClCompile>
  </ItemGroup>
  <ItemGroup>
    <Filter Include="Default">
      <UniqueIdentifier>{4f2f6642-c0f0-494a-9d81-0124398fdb95}</UniqueIdentifier>
    </Filter>
    <Filter Include="ScriptMgr">
      <UniqueIdentifier>{b42de7fc-e585-40cf-9c65-79e91e2b59d4}</UniqueIdentifier>
    </Filter>
    <Filter Include="RoRStateMachine">
      <UniqueIdentifier>{86892923-b05a-4177-80fe-2f8aebe68887}</UniqueIdentifier>
    </Filter>
    <Filter Include="BassClass">
      <UniqueIdentifier>{1a747eb1-b753-4dc8-8cdb-b6d7e92eb4b0}</UniqueIdentifier>
    </Filter>
    <Filter Include="Player">
      <UniqueIdentifier>{b19b5cc4-3a58-46b1-8df6-1a2f0512312f}</UniqueIdentifier>
    </Filter>
    <Filter Include="ShootingSystem">
      <UniqueIdentifier>{ffaf2495-1187-4ac8-9200-ed4a440ab4c5}</UniqueIdentifier>
    </Filter>
    <Filter Include="Scripts">
      <UniqueIdentifier>{af5c3808-4d30-476b-b2ab-d844558017d2}</UniqueIdentifier>
    </Filter>
    <Filter Include="Scripts\Lecture">
      <UniqueIdentifier>{4d80f442-9779-4484-a06b-9160bbb02db5}</UniqueIdentifier>
    </Filter>
    <Filter Include="Scripts\Manager">
      <UniqueIdentifier>{7e2618a0-fa56-4b89-93a1-fc7f7083d374}</UniqueIdentifier>
    </Filter>
    <Filter Include="Scripts\Manager\Camera">
      <UniqueIdentifier>{2e1568fc-db48-4110-923e-f26dd8be0036}</UniqueIdentifier>
    </Filter>
    <Filter Include="Scripts\Manager\Render">
      <UniqueIdentifier>{99d3dd37-f3db-4c46-bc52-10d6c56fd614}</UniqueIdentifier>
    </Filter>
    <Filter Include="Scripts\Manager\Time">
      <UniqueIdentifier>{9b5c2bf2-2681-42e9-b790-8b4aba881373}</UniqueIdentifier>
    </Filter>
    <Filter Include="Scripts\Manager\PhysXMgr">
      <UniqueIdentifier>{85af28fd-4fb9-47c5-b0d2-100e2dae1ca2}</UniqueIdentifier>
    </Filter>
    <Filter Include="Scripts\Manager\MemoryPool">
      <UniqueIdentifier>{3ff61ac7-4bc8-4dcf-83a8-b5f5804064c8}</UniqueIdentifier>
    </Filter>
    <Filter Include="Scripts\Manager\ChildCollider">
      <UniqueIdentifier>{91f4b420-6a0c-4a29-82e2-ba2cfff80f0b}</UniqueIdentifier>
    </Filter>
    <Filter Include="Scripts\DefaultUI">
      <UniqueIdentifier>{949d4c11-e4a8-4d1b-8d31-20202e70f9dc}</UniqueIdentifier>
    </Filter>
    <Filter Include="Scripts\DefaultUI\Button">
      <UniqueIdentifier>{d563a445-59fa-4a54-9b9c-700bf54e43d2}</UniqueIdentifier>
    </Filter>
    <Filter Include="Scripts\DefaultUI\Image">
      <UniqueIdentifier>{a8345db0-a049-4493-b2e4-cec8fdf207f2}</UniqueIdentifier>
    </Filter>
    <Filter Include="Scripts\DefaultUI\Panel">
      <UniqueIdentifier>{239cd80d-3287-4e2a-b122-6447aac778ae}</UniqueIdentifier>
    </Filter>
    <Filter Include="Scripts\DefaultUI\Digit">
      <UniqueIdentifier>{a54a44e5-4b4d-449e-a95d-efb9b31d2933}</UniqueIdentifier>
    </Filter>
    <Filter Include="Scripts\DefaultUI\Text">
      <UniqueIdentifier>{d164c685-bd4d-4505-9170-4423d05d4dfa}</UniqueIdentifier>
    </Filter>
    <Filter Include="Scripts\UI">
      <UniqueIdentifier>{cb982d5c-819e-4bec-aaf2-577bd2b82280}</UniqueIdentifier>
    </Filter>
    <Filter Include="Scripts\UI\Image">
      <UniqueIdentifier>{4c858d1c-f5d2-4b6f-b0de-d26a867f62bb}</UniqueIdentifier>
    </Filter>
    <Filter Include="Scripts\UI\Image\Crosshair">
      <UniqueIdentifier>{34c9d88f-7a17-4733-81e3-09cf4048d6c9}</UniqueIdentifier>
    </Filter>
    <Filter Include="Scripts\UI\Image\DamageFont">
      <UniqueIdentifier>{0b661eb9-4e4a-43d3-9edf-5093ab788785}</UniqueIdentifier>
    </Filter>
    <Filter Include="Scripts\UI\Image\PauseBtn">
      <UniqueIdentifier>{5511a975-3f3a-4029-8368-2ae1a53ecf41}</UniqueIdentifier>
    </Filter>
    <Filter Include="Scripts\UI\Image\PausePanel">
      <UniqueIdentifier>{78fd96b1-f585-4066-88dc-0a7b73c075a9}</UniqueIdentifier>
    </Filter>
    <Filter Include="Scripts\UI\Image\WeaponInfo">
      <UniqueIdentifier>{ed447ae9-d1c6-45b7-92af-d3e4daf01425}</UniqueIdentifier>
    </Filter>
    <Filter Include="Scripts\UI\Image\Dialog">
      <UniqueIdentifier>{6fcd3b18-efc0-4025-8cec-ebede13f7e18}</UniqueIdentifier>
    </Filter>
    <Filter Include="Scripts\UI\Image\DamagedDirection">
      <UniqueIdentifier>{e273dbd1-bdcc-4219-a846-990944988409}</UniqueIdentifier>
    </Filter>
    <Filter Include="Scripts\UI\Image\Arona">
      <UniqueIdentifier>{f3178af6-eaa4-40d8-96d6-89bad58dc55d}</UniqueIdentifier>
    </Filter>
    <Filter Include="Scripts\UI\ProgressBar">
      <UniqueIdentifier>{e8beecff-8dff-41b8-8ccd-cd06f6600281}</UniqueIdentifier>
    </Filter>
    <Filter Include="Scripts\UI\ProgressBar\BossHP">
      <UniqueIdentifier>{2be96e02-7796-457e-b422-6aa6ecb85aae}</UniqueIdentifier>
    </Filter>
    <Filter Include="Scripts\UI\ProgressBar\PlayerHP">
      <UniqueIdentifier>{a4f4a420-e7cd-4f98-b9cc-eb77d7f93edb}</UniqueIdentifier>
    </Filter>
    <Filter Include="Scripts\UI\ProgressBar\MonsterHP">
      <UniqueIdentifier>{41b13e7f-f4e2-41a0-9eb2-f1742d335840}</UniqueIdentifier>
    </Filter>
    <Filter Include="Scripts\UI\ProgressBar\AmmoInfo">
      <UniqueIdentifier>{428b9d57-cfd8-4bf1-b2ca-3905db9d780b}</UniqueIdentifier>
    </Filter>
    <Filter Include="Scripts\UI\ProgressBar\SkillIcon">
      <UniqueIdentifier>{904a9997-8eee-4e3b-ab19-3f8341cb7464}</UniqueIdentifier>
    </Filter>
    <Filter Include="Scripts\Player">
      <UniqueIdentifier>{996f1445-7d4f-4fb9-9dd7-21e6a4e6d11b}</UniqueIdentifier>
    </Filter>
    <Filter Include="Scripts\Boss">
      <UniqueIdentifier>{f1743032-7d9a-42a0-8a97-a473347181c1}</UniqueIdentifier>
    </Filter>
    <Filter Include="Scripts\Boss\BossMissile">
      <UniqueIdentifier>{9b1b2bfe-d0f3-48fd-991e-768b8f6a434a}</UniqueIdentifier>
    </Filter>
    <Filter Include="Scripts\Boss\MegaFist">
      <UniqueIdentifier>{9c149e25-d8c2-48b9-a482-f90aa4f51703}</UniqueIdentifier>
    </Filter>
    <Filter Include="Scripts\Boss\Shield">
      <UniqueIdentifier>{a0052aaa-9034-432e-8844-71c27e389912}</UniqueIdentifier>
    </Filter>
    <Filter Include="Scripts\Boss\SmokeWave">
      <UniqueIdentifier>{0747c7b4-8198-40f8-9524-7430eeae9a83}</UniqueIdentifier>
    </Filter>
    <Filter Include="Scripts\Boss\BossSwordTrail">
      <UniqueIdentifier>{6b0fbec3-e67a-41b0-8c2d-a9dcde3ee120}</UniqueIdentifier>
    </Filter>
    <Filter Include="Scripts\Boss\BossSwordBeam">
      <UniqueIdentifier>{a6a1729c-7876-450a-b8d1-6f7506c31e46}</UniqueIdentifier>
    </Filter>
    <Filter Include="Scripts\Event">
      <UniqueIdentifier>{1ab1a3c0-46e2-4f9e-ad0a-58265382538b}</UniqueIdentifier>
    </Filter>
    <Filter Include="Scripts\Event\Tutorial">
      <UniqueIdentifier>{4ce8883f-5102-4f0f-b612-f2e0a48f6cae}</UniqueIdentifier>
    </Filter>
    <Filter Include="Scripts\Event\Cover">
      <UniqueIdentifier>{b90d22b9-9236-4dc4-88d5-171a281eac75}</UniqueIdentifier>
    </Filter>
    <Filter Include="Scripts\Event\Spawn">
      <UniqueIdentifier>{a7f8c14b-59b7-4999-838e-2b119296a608}</UniqueIdentifier>
    </Filter>
    <Filter Include="Scripts\Level">
      <UniqueIdentifier>{1666e7d2-5bff-44b3-88d6-1f00319dfd14}</UniqueIdentifier>
    </Filter>
    <Filter Include="Scripts\Level\Title">
      <UniqueIdentifier>{0fafadc0-1e54-4215-ae3c-380b409a2357}</UniqueIdentifier>
    </Filter>
    <Filter Include="Scripts\Level\Tutorial">
      <UniqueIdentifier>{e70a7466-06a9-4bd2-b0e0-c80b3721b9d6}</UniqueIdentifier>
    </Filter>
    <Filter Include="Scripts\Level\Object">
      <UniqueIdentifier>{caa1c5dd-0086-4dfb-a00e-f60c6df53e65}</UniqueIdentifier>
    </Filter>
    <Filter Include="Scripts\Particle">
      <UniqueIdentifier>{9d9687ac-349f-4c6b-ad84-3025114fc4f8}</UniqueIdentifier>
    </Filter>
    <Filter Include="Scripts\Particle\Boost">
      <UniqueIdentifier>{1daf374c-fd58-439d-9616-2da40af4cbcf}</UniqueIdentifier>
    </Filter>
    <Filter Include="Scripts\Particle\MissileTrail">
      <UniqueIdentifier>{e9dfd079-edea-43b4-b8ab-4df1940c9eb3}</UniqueIdentifier>
    </Filter>
    <Filter Include="Scripts\Particle\MuzzleFlash">
      <UniqueIdentifier>{fb4dd360-df15-4e31-9a66-fd2bc62d8289}</UniqueIdentifier>
    </Filter>
    <Filter Include="Scripts\Particle\Minigun">
      <UniqueIdentifier>{c31d5188-d6f8-47aa-a12f-42f3cae74a99}</UniqueIdentifier>
    </Filter>
    <Filter Include="Scripts\Particle\Smoke">
      <UniqueIdentifier>{4817127e-0f21-4666-9593-f034b78ef244}</UniqueIdentifier>
    </Filter>
    <Filter Include="Scripts\Render">
      <UniqueIdentifier>{0762eb02-039f-4ca1-b175-1cb76811f77f}</UniqueIdentifier>
    </Filter>
    <Filter Include="Scripts\Render\Bloom">
      <UniqueIdentifier>{e0650fde-3550-45bd-975b-b391261791ef}</UniqueIdentifier>
    </Filter>
    <Filter Include="Scripts\Render\Gray">
      <UniqueIdentifier>{f85a7339-471c-45d0-a7c2-709588d3012c}</UniqueIdentifier>
    </Filter>
    <Filter Include="Scripts\Render\AfterImage">
      <UniqueIdentifier>{99f4cea7-18fd-4509-956c-5c2ef7a671e7}</UniqueIdentifier>
    </Filter>
    <Filter Include="Scripts\ShootingSystem">
      <UniqueIdentifier>{564b496f-afda-4920-8547-d025a47b8175}</UniqueIdentifier>
    </Filter>
    <Filter Include="Scripts\Test">
      <UniqueIdentifier>{6c3cc7b2-0f38-43dc-bf8a-c55783846644}</UniqueIdentifier>
    </Filter>
    <Filter Include="Scripts\Particle\BulletLine">
      <UniqueIdentifier>{cc42cb81-78b5-468c-a168-3021c5e7d12c}</UniqueIdentifier>
    </Filter>
    <Filter Include="Scripts\Boss\BossMissile\GroundDecal">
      <UniqueIdentifier>{c98a1cf1-7fa0-4fc0-9092-58f90f05515e}</UniqueIdentifier>
    </Filter>
    <Filter Include="Scripts\Render\Video">
      <UniqueIdentifier>{049e4cf4-e10a-4955-92b2-85660b849773}</UniqueIdentifier>
    </Filter>
    <Filter Include="Scripts\Phys">
      <UniqueIdentifier>{bb33054c-aa56-4cc7-9eef-ea724457ddaf}</UniqueIdentifier>
    </Filter>
  </ItemGroup>
</Project>